
Microsoft Visual Studio Solution File, Format Version 12.00
# Visual Studio Version 16
VisualStudioVersion = 16.0.30406.217
MinimumVisualStudioVersion = 10.0.40219.1
Project("{FAE04EC0-301F-11D3-BF4B-00C04F79EFBC}") = "CalculatorWeb", "..\CalculatorWeb\CalculatorWeb.csproj", "{9B77838E-E9EC-45CA-8476-5443D76D205A}"
EndProject
Global
	GlobalSection(SolutionConfigurationPlatforms) = preSolution
		Debug|Any CPU = Debug|Any CPU
		Release|Any CPU = Release|Any CPU
	EndGlobalSection
	GlobalSection(ProjectConfigurationPlatforms) = postSolution
		{9B77838E-E9EC-45CA-8476-5443D76D205A}.Debug|Any CPU.ActiveCfg = Debug|Any CPU
		{9B77838E-E9EC-45CA-8476-5443D76D205A}.Debug|Any CPU.Build.0 = Debug|Any CPU
		{9B77838E-E9EC-45CA-8476-5443D76D205A}.Release|Any CPU.ActiveCfg = Release|Any CPU
		{9B77838E-E9EC-45CA-8476-5443D76D205A}.Release|Any CPU.Build.0 = Release|Any CPU
	EndGlobalSection
	GlobalSection(SolutionProperties) = preSolution
		HideSolutionNode = FALSE
	EndGlobalSection
	GlobalSection(ExtensibilityGlobals) = postSolution
		SolutionGuid = {37AF6506-D099-4CFD-B9A4-5AA7BEDBAB4D}
	EndGlobalSection
EndGlobal
